
Microsoft Visual Studio Solution File, Format Version 12.00
# Visual Studio Version 16
VisualStudioVersion = 16.0.31424.327
MinimumVisualStudioVersion = 10.0.40219.1
Project("{2150E333-8FDC-42A3-9474-1A3956D46DE8}") = "src", "src", "{6C40E90B-190B-4655-B6D7-18091E7EC6A0}"
EndProject
Project("{2150E333-8FDC-42A3-9474-1A3956D46DE8}") = "Building Blocks", "Building Blocks", "{631BA125-92FC-42E9-A47A-E7760BEAF2F5}"
EndProject
Project("{2150E333-8FDC-42A3-9474-1A3956D46DE8}") = "Services", "Services", "{6AB2C1EC-4A44-4F94-BF09-85F9BC286220}"
EndProject
Project("{2150E333-8FDC-42A3-9474-1A3956D46DE8}") = "Web", "Web", "{A4DA52BD-4BD3-4176-896D-BBA1C4F77D85}"
EndProject
Project("{2150E333-8FDC-42A3-9474-1A3956D46DE8}") = "Identidade", "Identidade", "{DB43F7A8-608C-403C-AB09-CB1C61C95330}"
EndProject
Project("{FAE04EC0-301F-11D3-BF4B-00C04F79EFBC}") = "NSE.Identidade.API", "src\services\NSE.Identidade.API\NSE.Identidade.API.csproj", "{607293F9-004C-4AB7-8099-1EA9B9D6280A}"
EndProject
Project("{2150E333-8FDC-42A3-9474-1A3956D46DE8}") = "MVC", "MVC", "{6750729C-0A18-4CB7-81C1-A5B0BE48E357}"
EndProject
Project("{FAE04EC0-301F-11D3-BF4B-00C04F79EFBC}") = "NSE.WebApp.MVC", "src\web\NSE.WebApp.MVC\NSE.WebApp.MVC.csproj", "{61C42466-18EF-496C-9984-E87B256D7FB3}"
EndProject
Project("{2150E333-8FDC-42A3-9474-1A3956D46DE8}") = "Core", "Core", "{A614A3A1-4589-4CAD-9613-CB9E453F7C05}"
EndProject
Project("{FAE04EC0-301F-11D3-BF4B-00C04F79EFBC}") = "NSE.Core", "src\building blocks\NSE.Core\NSE.Core.csproj", "{48DF255E-D09B-41D0-A3ED-B4EB1EA9BAA9}"
EndProject
Project("{2150E333-8FDC-42A3-9474-1A3956D46DE8}") = "Carrinho", "Carrinho", "{8DDE94C2-1C47-4FBF-ACE4-F93EA99B9E6D}"
EndProject
Project("{FAE04EC0-301F-11D3-BF4B-00C04F79EFBC}") = "NSE.Carrinho.API", "src\services\NSE.Carrinho.API\NSE.Carrinho.API.csproj", "{052A7CE1-5F06-4BA9-9783-582DA0A292CE}"
EndProject
Project("{2150E333-8FDC-42A3-9474-1A3956D46DE8}") = "Catalogo", "Catalogo", "{C1CD83CA-4FCC-40F5-87AF-E73342EA4128}"
EndProject
Project("{FAE04EC0-301F-11D3-BF4B-00C04F79EFBC}") = "NSE.Catalogo.API", "src\services\NSE.Catalogo.API\NSE.Catalogo.API.csproj", "{FCBC4B2D-CBE8-468E-97D2-CE9592C313B5}"
EndProject
Project("{2150E333-8FDC-42A3-9474-1A3956D46DE8}") = "Cliente", "Cliente", "{FAE9B031-DCB4-4508-B9FF-22E7182873E5}"
EndProject
Project("{FAE04EC0-301F-11D3-BF4B-00C04F79EFBC}") = "NSE.Cliente.API", "src\services\NSE.Cliente.API\NSE.Cliente.API.csproj", "{76B44E58-1E39-4B7B-8008-0AF605EC103D}"
EndProject
Project("{2150E333-8FDC-42A3-9474-1A3956D46DE8}") = "Pagamento", "Pagamento", "{975CA388-68E7-463B-97F0-B6558D3E9BCC}"
EndProject
Project("{FAE04EC0-301F-11D3-BF4B-00C04F79EFBC}") = "NSE.Pagamento.API", "src\services\NSE.Pagamento.API\NSE.Pagamento.API.csproj", "{A93D60BC-DC49-4D09-A85D-27029B385C75}"
EndProject
Project("{2150E333-8FDC-42A3-9474-1A3956D46DE8}") = "Pedido", "Pedido", "{242B2B2C-4C3A-45FF-A48D-0534F8C71B89}"
EndProject
Project("{FAE04EC0-301F-11D3-BF4B-00C04F79EFBC}") = "NSE.Pedido.API", "src\services\NSE.Pedido.API\NSE.Pedido.API.csproj", "{445894C3-A8C7-4A47-9E9F-D0C597D26447}"
EndProject
Global
	GlobalSection(SolutionConfigurationPlatforms) = preSolution
		Debug|Any CPU = Debug|Any CPU
		Release|Any CPU = Release|Any CPU
	EndGlobalSection
	GlobalSection(ProjectConfigurationPlatforms) = postSolution
		{607293F9-004C-4AB7-8099-1EA9B9D6280A}.Debug|Any CPU.ActiveCfg = Debug|Any CPU
		{607293F9-004C-4AB7-8099-1EA9B9D6280A}.Debug|Any CPU.Build.0 = Debug|Any CPU
		{607293F9-004C-4AB7-8099-1EA9B9D6280A}.Release|Any CPU.ActiveCfg = Release|Any CPU
		{607293F9-004C-4AB7-8099-1EA9B9D6280A}.Release|Any CPU.Build.0 = Release|Any CPU
		{61C42466-18EF-496C-9984-E87B256D7FB3}.Debug|Any CPU.ActiveCfg = Debug|Any CPU
		{61C42466-18EF-496C-9984-E87B256D7FB3}.Debug|Any CPU.Build.0 = Debug|Any CPU
		{61C42466-18EF-496C-9984-E87B256D7FB3}.Release|Any CPU.ActiveCfg = Release|Any CPU
		{61C42466-18EF-496C-9984-E87B256D7FB3}.Release|Any CPU.Build.0 = Release|Any CPU
		{48DF255E-D09B-41D0-A3ED-B4EB1EA9BAA9}.Debug|Any CPU.ActiveCfg = Debug|Any CPU
		{48DF255E-D09B-41D0-A3ED-B4EB1EA9BAA9}.Debug|Any CPU.Build.0 = Debug|Any CPU
		{48DF255E-D09B-41D0-A3ED-B4EB1EA9BAA9}.Release|Any CPU.ActiveCfg = Release|Any CPU
		{48DF255E-D09B-41D0-A3ED-B4EB1EA9BAA9}.Release|Any CPU.Build.0 = Release|Any CPU
		{052A7CE1-5F06-4BA9-9783-582DA0A292CE}.Debug|Any CPU.ActiveCfg = Debug|Any CPU
		{052A7CE1-5F06-4BA9-9783-582DA0A292CE}.Debug|Any CPU.Build.0 = Debug|Any CPU
		{052A7CE1-5F06-4BA9-9783-582DA0A292CE}.Release|Any CPU.ActiveCfg = Release|Any CPU
		{052A7CE1-5F06-4BA9-9783-582DA0A292CE}.Release|Any CPU.Build.0 = Release|Any CPU
		{FCBC4B2D-CBE8-468E-97D2-CE9592C313B5}.Debug|Any CPU.ActiveCfg = Debug|Any CPU
		{FCBC4B2D-CBE8-468E-97D2-CE9592C313B5}.Debug|Any CPU.Build.0 = Debug|Any CPU
		{FCBC4B2D-CBE8-468E-97D2-CE9592C313B5}.Release|Any CPU.ActiveCfg = Release|Any CPU
		{FCBC4B2D-CBE8-468E-97D2-CE9592C313B5}.Release|Any CPU.Build.0 = Release|Any CPU
		{76B44E58-1E39-4B7B-8008-0AF605EC103D}.Debug|Any CPU.ActiveCfg = Debug|Any CPU
		{76B44E58-1E39-4B7B-8008-0AF605EC103D}.Debug|Any CPU.Build.0 = Debug|Any CPU
		{76B44E58-1E39-4B7B-8008-0AF605EC103D}.Release|Any CPU.ActiveCfg = Release|Any CPU
		{76B44E58-1E39-4B7B-8008-0AF605EC103D}.Release|Any CPU.Build.0 = Release|Any CPU
		{A93D60BC-DC49-4D09-A85D-27029B385C75}.Debug|Any CPU.ActiveCfg = Debug|Any CPU
		{A93D60BC-DC49-4D09-A85D-27029B385C75}.Debug|Any CPU.Build.0 = Debug|Any CPU
		{A93D60BC-DC49-4D09-A85D-27029B385C75}.Release|Any CPU.ActiveCfg = Release|Any CPU
		{A93D60BC-DC49-4D09-A85D-27029B385C75}.Release|Any CPU.Build.0 = Release|Any CPU
		{445894C3-A8C7-4A47-9E9F-D0C597D26447}.Debug|Any CPU.ActiveCfg = Debug|Any CPU
		{445894C3-A8C7-4A47-9E9F-D0C597D26447}.Debug|Any CPU.Build.0 = Debug|Any CPU
		{445894C3-A8C7-4A47-9E9F-D0C597D26447}.Release|Any CPU.ActiveCfg = Release|Any CPU
		{445894C3-A8C7-4A47-9E9F-D0C597D26447}.Release|Any CPU.Build.0 = Release|Any CPU
	EndGlobalSection
	GlobalSection(SolutionProperties) = preSolution
		HideSolutionNode = FALSE
	EndGlobalSection
	GlobalSection(NestedProjects) = preSolution
		{631BA125-92FC-42E9-A47A-E7760BEAF2F5} = {6C40E90B-190B-4655-B6D7-18091E7EC6A0}
		{6AB2C1EC-4A44-4F94-BF09-85F9BC286220} = {6C40E90B-190B-4655-B6D7-18091E7EC6A0}
		{A4DA52BD-4BD3-4176-896D-BBA1C4F77D85} = {6C40E90B-190B-4655-B6D7-18091E7EC6A0}
		{DB43F7A8-608C-403C-AB09-CB1C61C95330} = {6AB2C1EC-4A44-4F94-BF09-85F9BC286220}
		{607293F9-004C-4AB7-8099-1EA9B9D6280A} = {DB43F7A8-608C-403C-AB09-CB1C61C95330}
		{6750729C-0A18-4CB7-81C1-A5B0BE48E357} = {A4DA52BD-4BD3-4176-896D-BBA1C4F77D85}
		{61C42466-18EF-496C-9984-E87B256D7FB3} = {6750729C-0A18-4CB7-81C1-A5B0BE48E357}
		{A614A3A1-4589-4CAD-9613-CB9E453F7C05} = {631BA125-92FC-42E9-A47A-E7760BEAF2F5}
		{48DF255E-D09B-41D0-A3ED-B4EB1EA9BAA9} = {A614A3A1-4589-4CAD-9613-CB9E453F7C05}
		{8DDE94C2-1C47-4FBF-ACE4-F93EA99B9E6D} = {6AB2C1EC-4A44-4F94-BF09-85F9BC286220}
		{052A7CE1-5F06-4BA9-9783-582DA0A292CE} = {8DDE94C2-1C47-4FBF-ACE4-F93EA99B9E6D}
		{C1CD83CA-4FCC-40F5-87AF-E73342EA4128} = {6AB2C1EC-4A44-4F94-BF09-85F9BC286220}
		{FCBC4B2D-CBE8-468E-97D2-CE9592C313B5} = {C1CD83CA-4FCC-40F5-87AF-E73342EA4128}
		{FAE9B031-DCB4-4508-B9FF-22E7182873E5} = {6AB2C1EC-4A44-4F94-BF09-85F9BC286220}
		{76B44E58-1E39-4B7B-8008-0AF605EC103D} = {FAE9B031-DCB4-4508-B9FF-22E7182873E5}
		{975CA388-68E7-463B-97F0-B6558D3E9BCC} = {6AB2C1EC-4A44-4F94-BF09-85F9BC286220}
		{A93D60BC-DC49-4D09-A85D-27029B385C75} = {975CA388-68E7-463B-97F0-B6558D3E9BCC}
		{242B2B2C-4C3A-45FF-A48D-0534F8C71B89} = {6AB2C1EC-4A44-4F94-BF09-85F9BC286220}
		{445894C3-A8C7-4A47-9E9F-D0C597D26447} = {242B2B2C-4C3A-45FF-A48D-0534F8C71B89}
	EndGlobalSection
	GlobalSection(ExtensibilityGlobals) = postSolution
		SolutionGuid = {629D142A-BC9C-4212-AA73-597ED3D879A5}
	EndGlobalSection
EndGlobal
